// !$*UTF8*$!
{
	archiveVersion = 1;
	classes = {
	};
	objectVersion = 52;
	objects = {

/* Begin PBXBuildFile section */
		624410A5234C80FF00BC545E /* AppDelegate.swift in Sources */ = {isa = PBXBuildFile; fileRef = 624410A4234C80FF00BC545E /* AppDelegate.swift */; };
		624410A9234C80FF00BC545E /* ViewController.swift in Sources */ = {isa = PBXBuildFile; fileRef = 624410A8234C80FF00BC545E /* ViewController.swift */; };
		624410AC234C80FF00BC545E /* Main.storyboard in Resources */ = {isa = PBXBuildFile; fileRef = 624410AA234C80FF00BC545E /* Main.storyboard */; };
		624410AE234C810100BC545E /* Assets.xcassets in Resources */ = {isa = PBXBuildFile; fileRef = 624410AD234C810100BC545E /* Assets.xcassets */; };
		624410B1234C810100BC545E /* LaunchScreen.storyboard in Resources */ = {isa = PBXBuildFile; fileRef = 624410AF234C810100BC545E /* LaunchScreen.storyboard */; };
		624410C4234C844B00BC545E /* SnapKit in Frameworks */ = {isa = PBXBuildFile; productRef = 624410C3234C844B00BC545E /* SnapKit */; };
		624410CF234C8FBE00BC545E /* SwiftyJSON in Frameworks */ = {isa = PBXBuildFile; productRef = 624410CE234C8FBE00BC545E /* SwiftyJSON */; };
		624410D4234C98CD00BC545E /* Kingfisher in Frameworks */ = {isa = PBXBuildFile; productRef = 624410D3234C98CD00BC545E /* Kingfisher */; };
		624410D7234D84CE00BC545E /* SecondViewController.swift in Sources */ = {isa = PBXBuildFile; fileRef = 624410D5234D84CE00BC545E /* SecondViewController.swift */; };
		624410D8234D84CE00BC545E /* SecondViewController.xib in Resources */ = {isa = PBXBuildFile; fileRef = 624410D6234D84CE00BC545E /* SecondViewController.xib */; };
		62E9898E24454794001C5950 /* MMBannerCollectionView.swift in Sources */ = {isa = PBXBuildFile; fileRef = 62E9898B24454794001C5950 /* MMBannerCollectionView.swift */; };
		62E9898F24454794001C5950 /* MMBannerCollectionViewCell.swift in Sources */ = {isa = PBXBuildFile; fileRef = 62E9898C24454794001C5950 /* MMBannerCollectionViewCell.swift */; };
		62E9899024454794001C5950 /* MMBannerView.swift in Sources */ = {isa = PBXBuildFile; fileRef = 62E9898D24454794001C5950 /* MMBannerView.swift */; };
/* End PBXBuildFile section */

/* Begin PBXFileReference section */
		624410A1234C80FF00BC545E /* MMBannerView.app */ = {isa = PBXFileReference; explicitFileType = wrapper.application; includeInIndex = 0; path = MMBannerView.app; sourceTree = BUILT_PRODUCTS_DIR; };
		624410A4234C80FF00BC545E /* AppDelegate.swift */ = {isa = PBXFileReference; lastKnownFileType = sourcecode.swift; path = AppDelegate.swift; sourceTree = "<group>"; };
		624410A8234C80FF00BC545E /* ViewController.swift */ = {isa = PBXFileReference; lastKnownFileType = sourcecode.swift; path = ViewController.swift; sourceTree = "<group>"; };
		624410AB234C80FF00BC545E /* Base */ = {isa = PBXFileReference; lastKnownFileType = file.storyboard; name = Base; path = Base.lproj/Main.storyboard; sourceTree = "<group>"; };
		624410AD234C810100BC545E /* Assets.xcassets */ = {isa = PBXFileReference; lastKnownFileType = folder.assetcatalog; path = Assets.xcassets; sourceTree = "<group>"; };
		624410B0234C810100BC545E /* Base */ = {isa = PBXFileReference; lastKnownFileType = file.storyboard; name = Base; path = Base.lproj/LaunchScreen.storyboard; sourceTree = "<group>"; };
		624410B2234C810100BC545E /* Info.plist */ = {isa = PBXFileReference; lastKnownFileType = text.plist.xml; path = Info.plist; sourceTree = "<group>"; };
		624410D5234D84CE00BC545E /* SecondViewController.swift */ = {isa = PBXFileReference; lastKnownFileType = sourcecode.swift; path = SecondViewController.swift; sourceTree = "<group>"; };
		624410D6234D84CE00BC545E /* SecondViewController.xib */ = {isa = PBXFileReference; lastKnownFileType = file.xib; path = SecondViewController.xib; sourceTree = "<group>"; };
		62E9898B24454794001C5950 /* MMBannerCollectionView.swift */ = {isa = PBXFileReference; fileEncoding = 4; lastKnownFileType = sourcecode.swift; path = MMBannerCollectionView.swift; sourceTree = "<group>"; };
		62E9898C24454794001C5950 /* MMBannerCollectionViewCell.swift */ = {isa = PBXFileReference; fileEncoding = 4; lastKnownFileType = sourcecode.swift; path = MMBannerCollectionViewCell.swift; sourceTree = "<group>"; };
		62E9898D24454794001C5950 /* MMBannerView.swift */ = {isa = PBXFileReference; fileEncoding = 4; lastKnownFileType = sourcecode.swift; path = MMBannerView.swift; sourceTree = "<group>"; };
/* End PBXFileReference section */

/* Begin PBXFrameworksBuildPhase section */
		6244109E234C80FF00BC545E /* Frameworks */ = {
			isa = PBXFrameworksBuildPhase;
			buildActionMask = 2147483647;
			files = (
				624410D4234C98CD00BC545E /* Kingfisher in Frameworks */,
				624410CF234C8FBE00BC545E /* SwiftyJSON in Frameworks */,
				624410C4234C844B00BC545E /* SnapKit in Frameworks */,
			);
			runOnlyForDeploymentPostprocessing = 0;
		};
/* End PBXFrameworksBuildPhase section */

/* Begin PBXGroup section */
		62441098234C80FF00BC545E = {
			isa = PBXGroup;
			children = (
				624410A3234C80FF00BC545E /* MMBannerView */,
				624410A2234C80FF00BC545E /* Products */,
			);
			sourceTree = "<group>";
		};
		624410A2234C80FF00BC545E /* Products */ = {
			isa = PBXGroup;
			children = (
				624410A1234C80FF00BC545E /* MMBannerView.app */,
			);
			name = Products;
			sourceTree = "<group>";
		};
		624410A3234C80FF00BC545E /* MMBannerView */ = {
			isa = PBXGroup;
			children = (
				62E9898A24454794001C5950 /* BannerView */,
				624410A4234C80FF00BC545E /* AppDelegate.swift */,
				624410A8234C80FF00BC545E /* ViewController.swift */,
				624410D5234D84CE00BC545E /* SecondViewController.swift */,
				624410D6234D84CE00BC545E /* SecondViewController.xib */,
				624410AA234C80FF00BC545E /* Main.storyboard */,
				624410AD234C810100BC545E /* Assets.xcassets */,
				624410AF234C810100BC545E /* LaunchScreen.storyboard */,
				624410B2234C810100BC545E /* Info.plist */,
			);
			path = MMBannerView;
			sourceTree = "<group>";
		};
		62E9898A24454794001C5950 /* BannerView */ = {
			isa = PBXGroup;
			children = (
				62E9898B24454794001C5950 /* MMBannerCollectionView.swift */,
				62E9898C24454794001C5950 /* MMBannerCollectionViewCell.swift */,
				62E9898D24454794001C5950 /* MMBannerView.swift */,
			);
			name = BannerView;
			path = ../../Sources/BannerView;
			sourceTree = "<group>";
		};
/* End PBXGroup section */

/* Begin PBXNativeTarget section */
		624410A0234C80FF00BC545E /* MMBannerView */ = {
			isa = PBXNativeTarget;
			buildConfigurationList = 624410B5234C810100BC545E /* Build configuration list for PBXNativeTarget "MMBannerView" */;
			buildPhases = (
				6244109D234C80FF00BC545E /* Sources */,
				6244109E234C80FF00BC545E /* Frameworks */,
				6244109F234C80FF00BC545E /* Resources */,
			);
			buildRules = (
			);
			dependencies = (
				624410DA234D8BE000BC545E /* PBXTargetDependency */,
				624410D1234C8FC900BC545E /* PBXTargetDependency */,
				624410C6234C845E00BC545E /* PBXTargetDependency */,
			);
			name = MMBannerView;
			packageProductDependencies = (
				624410C3234C844B00BC545E /* SnapKit */,
				624410CE234C8FBE00BC545E /* SwiftyJSON */,
				624410D3234C98CD00BC545E /* Kingfisher */,
			);
			productName = MMBannerView;
			productReference = 624410A1234C80FF00BC545E /* MMBannerView.app */;
			productType = "com.apple.product-type.application";
		};
/* End PBXNativeTarget section */

/* Begin PBXProject section */
		62441099234C80FF00BC545E /* Project object */ = {
			isa = PBXProject;
			attributes = {
				LastSwiftUpdateCheck = 1110;
				LastUpgradeCheck = 1110;
				ORGANIZATIONNAME = mayang;
				TargetAttributes = {
					624410A0234C80FF00BC545E = {
						CreatedOnToolsVersion = 11.1;
					};
				};
			};
			buildConfigurationList = 6244109C234C80FF00BC545E /* Build configuration list for PBXProject "MMBannerView" */;
			compatibilityVersion = "Xcode 9.3";
			developmentRegion = en;
			hasScannedForEncodings = 0;
			knownRegions = (
				en,
				Base,
			);
			mainGroup = 62441098234C80FF00BC545E;
			packageReferences = (
				624410C2234C844B00BC545E /* XCRemoteSwiftPackageReference "SnapKit" */,
				624410CD234C8FBE00BC545E /* XCRemoteSwiftPackageReference "SwiftyJSON" */,
				624410D2234C98CD00BC545E /* XCRemoteSwiftPackageReference "Kingfisher" */,
			);
			productRefGroup = 624410A2234C80FF00BC545E /* Products */;
			projectDirPath = "";
			projectRoot = "";
			targets = (
				624410A0234C80FF00BC545E /* MMBannerView */,
			);
		};
/* End PBXProject section */

/* Begin PBXResourcesBuildPhase section */
		6244109F234C80FF00BC545E /* Resources */ = {
			isa = PBXResourcesBuildPhase;
			buildActionMask = 2147483647;
			files = (
				624410D8234D84CE00BC545E /* SecondViewController.xib in Resources */,
				624410B1234C810100BC545E /* LaunchScreen.storyboard in Resources */,
				624410AE234C810100BC545E /* Assets.xcassets in Resources */,
				624410AC234C80FF00BC545E /* Main.storyboard in Resources */,
			);
			runOnlyForDeploymentPostprocessing = 0;
		};
/* End PBXResourcesBuildPhase section */

/* Begin PBXSourcesBuildPhase section */
		6244109D234C80FF00BC545E /* Sources */ = {
			isa = PBXSourcesBuildPhase;
			buildActionMask = 2147483647;
			files = (
				62E9899024454794001C5950 /* MMBannerView.swift in Sources */,
				624410D7234D84CE00BC545E /* SecondViewController.swift in Sources */,
				624410A9234C80FF00BC545E /* ViewController.swift in Sources */,
				62E9898E24454794001C5950 /* MMBannerCollectionView.swift in Sources */,
				624410A5234C80FF00BC545E /* AppDelegate.swift in Sources */,
				62E9898F24454794001C5950 /* MMBannerCollectionViewCell.swift in Sources */,
			);
			runOnlyForDeploymentPostprocessing = 0;
		};
/* End PBXSourcesBuildPhase section */

/* Begin PBXTargetDependency section */
		624410C6234C845E00BC545E /* PBXTargetDependency */ = {
			isa = PBXTargetDependency;
			productRef = 624410C5234C845E00BC545E /* SnapKit */;
		};
		624410D1234C8FC900BC545E /* PBXTargetDependency */ = {
			isa = PBXTargetDependency;
			productRef = 624410D0234C8FC900BC545E /* SwiftyJSON */;
		};
		624410DA234D8BE000BC545E /* PBXTargetDependency */ = {
			isa = PBXTargetDependency;
			productRef = 624410D9234D8BE000BC545E /* Kingfisher */;
		};
/* End PBXTargetDependency section */

/* Begin PBXVariantGroup section */
		624410AA234C80FF00BC545E /* Main.storyboard */ = {
			isa = PBXVariantGroup;
			children = (
				624410AB234C80FF00BC545E /* Base */,
			);
			name = Main.storyboard;
			sourceTree = "<group>";
		};
		624410AF234C810100BC545E /* LaunchScreen.storyboard */ = {
			isa = PBXVariantGroup;
			children = (
				624410B0234C810100BC545E /* Base */,
			);
			name = LaunchScreen.storyboard;
			sourceTree = "<group>";
		};
/* End PBXVariantGroup section */

/* Begin XCBuildConfiguration section */
		624410B3234C810100BC545E /* Debug */ = {
			isa = XCBuildConfiguration;
			buildSettings = {
				ALWAYS_SEARCH_USER_PATHS = NO;
				CLANG_ANALYZER_NONNULL = YES;
				CLANG_ANALYZER_NUMBER_OBJECT_CONVERSION = YES_AGGRESSIVE;
				CLANG_CXX_LANGUAGE_STANDARD = "gnu++14";
				CLANG_CXX_LIBRARY = "libc++";
				CLANG_ENABLE_MODULES = YES;
				CLANG_ENABLE_OBJC_ARC = YES;
				CLANG_ENABLE_OBJC_WEAK = YES;
				CLANG_WARN_BLOCK_CAPTURE_AUTORELEASING = YES;
				CLANG_WARN_BOOL_CONVERSION = YES;
				CLANG_WARN_COMMA = YES;
				CLANG_WARN_CONSTANT_CONVERSION = YES;
				CLANG_WARN_DEPRECATED_OBJC_IMPLEMENTATIONS = YES;
				CLANG_WARN_DIRECT_OBJC_ISA_USAGE = YES_ERROR;
				CLANG_WARN_DOCUMENTATION_COMMENTS = YES;
				CLANG_WARN_EMPTY_BODY = YES;
				CLANG_WARN_ENUM_CONVERSION = YES;
				CLANG_WARN_INFINITE_RECURSION = YES;
				CLANG_WARN_INT_CONVERSION = YES;
				CLANG_WARN_NON_LITERAL_NULL_CONVERSION = YES;
				CLANG_WARN_OBJC_IMPLICIT_RETAIN_SELF = YES;
				CLANG_WARN_OBJC_LITERAL_CONVERSION = YES;
				CLANG_WARN_OBJC_ROOT_CLASS = YES_ERROR;
				CLANG_WARN_RANGE_LOOP_ANALYSIS = YES;
				CLANG_WARN_STRICT_PROTOTYPES = YES;
				CLANG_WARN_SUSPICIOUS_MOVE = YES;
				CLANG_WARN_UNGUARDED_AVAILABILITY = YES_AGGRESSIVE;
				CLANG_WARN_UNREACHABLE_CODE = YES;
				CLANG_WARN__DUPLICATE_METHOD_MATCH = YES;
				COPY_PHASE_STRIP = NO;
				DEBUG_INFORMATION_FORMAT = dwarf;
				ENABLE_STRICT_OBJC_MSGSEND = YES;
				ENABLE_TESTABILITY = YES;
				GCC_C_LANGUAGE_STANDARD = gnu11;
				GCC_DYNAMIC_NO_PIC = NO;
				GCC_NO_COMMON_BLOCKS = YES;
				GCC_OPTIMIZATION_LEVEL = 0;
				GCC_PREPROCESSOR_DEFINITIONS = (
					"DEBUG=1",
					"$(inherited)",
				);
				GCC_WARN_64_TO_32_BIT_CONVERSION = YES;
				GCC_WARN_ABOUT_RETURN_TYPE = YES_ERROR;
				GCC_WARN_UNDECLARED_SELECTOR = YES;
				GCC_WARN_UNINITIALIZED_AUTOS = YES_AGGRESSIVE;
				GCC_WARN_UNUSED_FUNCTION = YES;
				GCC_WARN_UNUSED_VARIABLE = YES;
				IPHONEOS_DEPLOYMENT_TARGET = 13.1;
				MTL_ENABLE_DEBUG_INFO = INCLUDE_SOURCE;
				MTL_FAST_MATH = YES;
				ONLY_ACTIVE_ARCH = YES;
				SDKROOT = iphoneos;
				SWIFT_ACTIVE_COMPILATION_CONDITIONS = DEBUG;
				SWIFT_OPTIMIZATION_LEVEL = "-Onone";
			};
			name = Debug;
		};
		624410B4234C810100BC545E /* Release */ = {
			isa = XCBuildConfiguration;
			buildSettings = {
				ALWAYS_SEARCH_USER_PATHS = NO;
				CLANG_ANALYZER_NONNULL = YES;
				CLANG_ANALYZER_NUMBER_OBJECT_CONVERSION = YES_AGGRESSIVE;
				CLANG_CXX_LANGUAGE_STANDARD = "gnu++14";
				CLANG_CXX_LIBRARY = "libc++";
				CLANG_ENABLE_MODULES = YES;
				CLANG_ENABLE_OBJC_ARC = YES;
				CLANG_ENABLE_OBJC_WEAK = YES;
				CLANG_WARN_BLOCK_CAPTURE_AUTORELEASING = YES;
				CLANG_WARN_BOOL_CONVERSION = YES;
				CLANG_WARN_COMMA = YES;
				CLANG_WARN_CONSTANT_CONVERSION = YES;
				CLANG_WARN_DEPRECATED_OBJC_IMPLEMENTATIONS = YES;
				CLANG_WARN_DIRECT_OBJC_ISA_USAGE = YES_ERROR;
				CLANG_WARN_DOCUMENTATION_COMMENTS = YES;
				CLANG_WARN_EMPTY_BODY = YES;
				CLANG_WARN_ENUM_CONVERSION = YES;
				CLANG_WARN_INFINITE_RECURSION = YES;
				CLANG_WARN_INT_CONVERSION = YES;
				CLANG_WARN_NON_LITERAL_NULL_CONVERSION = YES;
				CLANG_WARN_OBJC_IMPLICIT_RETAIN_SELF = YES;
				CLANG_WARN_OBJC_LITERAL_CONVERSION = YES;
				CLANG_WARN_OBJC_ROOT_CLASS = YES_ERROR;
				CLANG_WARN_RANGE_LOOP_ANALYSIS = YES;
				CLANG_WARN_STRICT_PROTOTYPES = YES;
				CLANG_WARN_SUSPICIOUS_MOVE = YES;
				CLANG_WARN_UNGUARDED_AVAILABILITY = YES_AGGRESSIVE;
				CLANG_WARN_UNREACHABLE_CODE = YES;
				CLANG_WARN__DUPLICATE_METHOD_MATCH = YES;
				COPY_PHASE_STRIP = NO;
				DEBUG_INFORMATION_FORMAT = "dwarf-with-dsym";
				ENABLE_NS_ASSERTIONS = NO;
				ENABLE_STRICT_OBJC_MSGSEND = YES;
				GCC_C_LANGUAGE_STANDARD = gnu11;
				GCC_NO_COMMON_BLOCKS = YES;
				GCC_WARN_64_TO_32_BIT_CONVERSION = YES;
				GCC_WARN_ABOUT_RETURN_TYPE = YES_ERROR;
				GCC_WARN_UNDECLARED_SELECTOR = YES;
				GCC_WARN_UNINITIALIZED_AUTOS = YES_AGGRESSIVE;
				GCC_WARN_UNUSED_FUNCTION = YES;
				GCC_WARN_UNUSED_VARIABLE = YES;
				IPHONEOS_DEPLOYMENT_TARGET = 13.1;
				MTL_ENABLE_DEBUG_INFO = NO;
				MTL_FAST_MATH = YES;
				SDKROOT = iphoneos;
				SWIFT_COMPILATION_MODE = wholemodule;
				SWIFT_OPTIMIZATION_LEVEL = "-O";
				VALIDATE_PRODUCT = YES;
			};
			name = Release;
		};
		624410B6234C810100BC545E /* Debug */ = {
			isa = XCBuildConfiguration;
			buildSettings = {
				ASSETCATALOG_COMPILER_APPICON_NAME = AppIcon;
				CODE_SIGN_STYLE = Automatic;
				DEVELOPMENT_TEAM = CQB6MW2MBZ;
				INFOPLIST_FILE = MMBannerView/Info.plist;
				IPHONEOS_DEPLOYMENT_TARGET = 10.0;
				LD_RUNPATH_SEARCH_PATHS = (
					"$(inherited)",
					"@executable_path/Frameworks",
				);
				PRODUCT_BUNDLE_IDENTIFIER = mayang.MMBannerView;
				PRODUCT_NAME = "$(TARGET_NAME)";
				SWIFT_VERSION = 5.0;
				TARGETED_DEVICE_FAMILY = "1,2";
			};
			name = Debug;
		};
		624410B7234C810100BC545E /* Release */ = {
			isa = XCBuildConfiguration;
			buildSettings = {
				ASSETCATALOG_COMPILER_APPICON_NAME = AppIcon;
				CODE_SIGN_STYLE = Automatic;
				DEVELOPMENT_TEAM = CQB6MW2MBZ;
				INFOPLIST_FILE = MMBannerView/Info.plist;
				IPHONEOS_DEPLOYMENT_TARGET = 10.0;
				LD_RUNPATH_SEARCH_PATHS = (
					"$(inherited)",
					"@executable_path/Frameworks",
				);
				PRODUCT_BUNDLE_IDENTIFIER = mayang.MMBannerView;
				PRODUCT_NAME = "$(TARGET_NAME)";
				SWIFT_VERSION = 5.0;
				TARGETED_DEVICE_FAMILY = "1,2";
			};
			name = Release;
		};
/* End XCBuildConfiguration section */

/* Begin XCConfigurationList section */
		6244109C234C80FF00BC545E /* Build configuration list for PBXProject "MMBannerView" */ = {
			isa = XCConfigurationList;
			buildConfigurations = (
				624410B3234C810100BC545E /* Debug */,
				624410B4234C810100BC545E /* Release */,
			);
			defaultConfigurationIsVisible = 0;
			defaultConfigurationName = Release;
		};
		624410B5234C810100BC545E /* Build configuration list for PBXNativeTarget "MMBannerView" */ = {
			isa = XCConfigurationList;
			buildConfigurations = (
				624410B6234C810100BC545E /* Debug */,
				624410B7234C810100BC545E /* Release */,
			);
			defaultConfigurationIsVisible = 0;
			defaultConfigurationName = Release;
		};
/* End XCConfigurationList section */

/* Begin XCRemoteSwiftPackageReference section */
		624410C2234C844B00BC545E /* XCRemoteSwiftPackageReference "SnapKit" */ = {
			isa = XCRemoteSwiftPackageReference;
			repositoryURL = "https://github.com/SnapKit/SnapKit.git";
			requirement = {
				kind = upToNextMajorVersion;
				minimumVersion = 5.0.0;
			};
		};
		624410CD234C8FBE00BC545E /* XCRemoteSwiftPackageReference "SwiftyJSON" */ = {
			isa = XCRemoteSwiftPackageReference;
			repositoryURL = "https://github.com/SwiftyJSON/SwiftyJSON.git";
			requirement = {
				kind = upToNextMajorVersion;
				minimumVersion = 5.0.0;
			};
		};
		624410D2234C98CD00BC545E /* XCRemoteSwiftPackageReference "Kingfisher" */ = {
			isa = XCRemoteSwiftPackageReference;
			repositoryURL = "https://github.com/onevcat/Kingfisher.git";
			requirement = {
				kind = upToNextMajorVersion;
				minimumVersion = 5.0.0;
			};
		};
/* End XCRemoteSwiftPackageReference section */

/* Begin XCSwiftPackageProductDependency section */
		624410C3234C844B00BC545E /* SnapKit */ = {
			isa = XCSwiftPackageProductDependency;
			package = 624410C2234C844B00BC545E /* XCRemoteSwiftPackageReference "SnapKit" */;
			productName = SnapKit;
		};
		624410C5234C845E00BC545E /* SnapKit */ = {
			isa = XCSwiftPackageProductDependency;
			package = 624410C2234C844B00BC545E /* XCRemoteSwiftPackageReference "SnapKit" */;
			productName = SnapKit;
		};
		624410CE234C8FBE00BC545E /* SwiftyJSON */ = {
			isa = XCSwiftPackageProductDependency;
			package = 624410CD234C8FBE00BC545E /* XCRemoteSwiftPackageReference "SwiftyJSON" */;
			productName = SwiftyJSON;
		};
		624410D0234C8FC900BC545E /* SwiftyJSON */ = {
			isa = XCSwiftPackageProductDependency;
			package = 624410CD234C8FBE00BC545E /* XCRemoteSwiftPackageReference "SwiftyJSON" */;
			productName = SwiftyJSON;
		};
		624410D3234C98CD00BC545E /* Kingfisher */ = {
			isa = XCSwiftPackageProductDependency;
			package = 624410D2234C98CD00BC545E /* XCRemoteSwiftPackageReference "Kingfisher" */;
			productName = Kingfisher;
		};
		624410D9234D8BE000BC545E /* Kingfisher */ = {
			isa = XCSwiftPackageProductDependency;
			package = 624410D2234C98CD00BC545E /* XCRemoteSwiftPackageReference "Kingfisher" */;
			productName = Kingfisher;
		};
/* End XCSwiftPackageProductDependency section */
	};
	rootObject = 62441099234C80FF00BC545E /* Project object */;
}
